# THIS IS AN AUTOGENERATED FILE. DO NOT EDIT THIS FILE DIRECTLY.
# yarn lockfile v1


"@types/jest@^22.2.3":
  version "22.2.3"
  resolved "https://registry.npmjs.org/@types/jest/-/jest-22.2.3.tgz#0157c0316dc3722c43a7b71de3fdf3acbccef10d"

"@types/node@^10.1.2":
  version "10.1.2"
  resolved "https://registry.yarnpkg.com/@types/node/-/node-10.1.2.tgz#1b928a0baa408fc8ae3ac012cc81375addc147c6"

typescript@^2.8.3:
  version "2.8.3"
  resolved "https://registry.npmjs.org/typescript/-/typescript-2.8.3.tgz#5d817f9b6f31bb871835f4edf0089f21abe6c170"
